<?xml version="1.0" encoding="utf-8"?>
<Project ToolsVersion="4.0" xmlns="http://schemas.microsoft.com/developer/msbuild/2003">
  <ItemGroup>
    <Filter Include="Source Files">
      <UniqueIdentifier>{4FC737F1-C7A5-4376-A066-2A32D752A2FF}</UniqueIdentifier>
      <Extensions>cpp;c;cc;cxx;c++;def;odl;idl;hpj;bat;asm;asmx</Extensions>
    </Filter>
    <Filter Include="Header Files">
      <UniqueIdentifier>{93995380-89BD-4b04-88EB-625FBE52EBFB}</UniqueIdentifier>
      <Extensions>h;hh;hpp;hxx;h++;hm;inl;inc;ipp;xsd</Extensions>
    </Filter>
    <Filter Include="Resource Files">
      <UniqueIdentifier>{67DA6AB6-F800-4c08-8B7A-83BB121AAD01}</UniqueIdentifier>
      <Extensions>rc;ico;cur;bmp;dlg;rc2;rct;bin;rgs;gif;jpg;jpeg;jpe;resx;tiff;tif;png;wav;mfcribbon-ms</Extensions>
    </Filter>
  </ItemGroup>
  <ItemGroup>
    <ClCompile Include="Moves.cpp">
      <Filter>Source Files</Filter>
    </ClCompile>
    <ClCompile Include="MovesIterator.cpp">
      <Filter>Source Files</Filter>
    </ClCompile>
    <ClCompile Include="MovesTemplate.cpp">
      <Filter>Source Files</Filter>
    </ClCompile>
    <ClCompile Include="Owner.cpp">
      <Filter>Source Files</Filter>
    </ClCompile>
    <ClCompile Include="Pets.cpp">
      <Filter>Source Files</Filter>
    </ClCompile>
    <ClCompile Include="FirePet.cpp">
      <Filter>Source Files</Filter>
    </ClCompile>
    <ClCompile Include="WaterPet.cpp">
      <Filter>Source Files</Filter>
    </ClCompile>
    <ClCompile Include="GrassPet.cpp">
      <Filter>Source Files</Filter>
    </ClCompile>
    <ClCompile Include="PetStack.cpp">
      <Filter>Source Files</Filter>
    </ClCompile>
    <ClCompile Include="Battledex.cpp">
      <Filter>Source Files</Filter>
    </ClCompile>
    <ClCompile Include="BattledexList.cpp">
      <Filter>Source Files</Filter>
    </ClCompile>
    <ClCompile Include="main.cpp">
      <Filter>Source Files</Filter>
    </ClCompile>
    <ClCompile Include="PetTree.cpp">
      <Filter>Source Files</Filter>
    </ClCompile>
    <ClCompile Include="PetVisitor.cpp">
      <Filter>Source Files</Filter>
    </ClCompile>
  </ItemGroup>
  <ItemGroup>
    <ClInclude Include="Moves.h">
      <Filter>Header Files</Filter>
    </ClInclude>
    <ClInclude Include="MovesIterator.h">
      <Filter>Header Files</Filter>
    </ClInclude>
    <ClInclude Include="MovesTemplate.h">
      <Filter>Header Files</Filter>
    </ClInclude>
    <ClInclude Include="Owner.h">
      <Filter>Header Files</Filter>
    </ClInclude>
    <ClInclude Include="Pets.h">
      <Filter>Header Files</Filter>
    </ClInclude>
    <ClInclude Include="FirePet.h">
      <Filter>Header Files</Filter>
    </ClInclude>
    <ClInclude Include="WaterPet.h">
      <Filter>Header Files</Filter>
    </ClInclude>
    <ClInclude Include="GrassPet.h">
      <Filter>Header Files</Filter>
    </ClInclude>
    <ClInclude Include="PetStack.h">
      <Filter>Header Files</Filter>
    </ClInclude>
    <ClInclude Include="Battledex.h">
      <Filter>Header Files</Filter>
    </ClInclude>
    <ClInclude Include="BattledexList.h">
      <Filter>Header Files</Filter>
    </ClInclude>
    <ClInclude Include="PetTree.h">
      <Filter>Header Files</Filter>
    </ClInclude>
    <ClInclude Include="PetVisitor.h">
      <Filter>Header Files</Filter>
    </ClInclude>
  </ItemGroup>
</Project>